// !$*UTF8*$!
{
	archiveVersion = 1;
	classes = {
	};
	objectVersion = 56;
	objects = {

/* Begin PBXBuildFile section */
		DA37B91D2A18F9E700BE9FED /* AppDelegate.swift in Sources */ = {isa = PBXBuildFile; fileRef = DA37B91C2A18F9E700BE9FED /* AppDelegate.swift */; };
		DA37B91F2A18F9E700BE9FED /* SceneDelegate.swift in Sources */ = {isa = PBXBuildFile; fileRef = DA37B91E2A18F9E700BE9FED /* SceneDelegate.swift */; };
		DA37B9212A18F9E700BE9FED /* ViewController.swift in Sources */ = {isa = PBXBuildFile; fileRef = DA37B9202A18F9E700BE9FED /* ViewController.swift */; };
		DA37B9242A18F9E700BE9FED /* Main.storyboard in Resources */ = {isa = PBXBuildFile; fileRef = DA37B9222A18F9E700BE9FED /* Main.storyboard */; };
		DA37B9262A18F9E800BE9FED /* Assets.xcassets in Resources */ = {isa = PBXBuildFile; fileRef = DA37B9252A18F9E800BE9FED /* Assets.xcassets */; };
		DA37B9292A18F9E800BE9FED /* LaunchScreen.storyboard in Resources */ = {isa = PBXBuildFile; fileRef = DA37B9272A18F9E800BE9FED /* LaunchScreen.storyboard */; };
		DA8021442A20A50900EE7B5E /* MyColor.swift in Sources */ = {isa = PBXBuildFile; fileRef = DA8021432A20A50900EE7B5E /* MyColor.swift */; };
		DA8021462A20A52B00EE7B5E /* CoreDataManager.swift in Sources */ = {isa = PBXBuildFile; fileRef = DA8021452A20A52B00EE7B5E /* CoreDataManager.swift */; };
		DA8021492A20A5ED00EE7B5E /* ToDoData+CoreDataClass.swift in Sources */ = {isa = PBXBuildFile; fileRef = DA8021472A20A5ED00EE7B5E /* ToDoData+CoreDataClass.swift */; };
		DA80214A2A20A5ED00EE7B5E /* ToDoData+CoreDataProperties.swift in Sources */ = {isa = PBXBuildFile; fileRef = DA8021482A20A5ED00EE7B5E /* ToDoData+CoreDataProperties.swift */; };
		DA80214C2A20A67400EE7B5E /* EditViewController.swift in Sources */ = {isa = PBXBuildFile; fileRef = DA80214B2A20A67400EE7B5E /* EditViewController.swift */; };
		DAF8FC6D2A2082EE0018D167 /* TodoApp.xcdatamodeld in Sources */ = {isa = PBXBuildFile; fileRef = DAF8FC6B2A2082EE0018D167 /* TodoApp.xcdatamodeld */; };
		DAF8FC7C2A2091550018D167 /* TodoCell.swift in Sources */ = {isa = PBXBuildFile; fileRef = DAF8FC7B2A2091550018D167 /* TodoCell.swift */; };
/* End PBXBuildFile section */

/* Begin PBXFileReference section */
		DA37B9192A18F9E700BE9FED /* MVC.app */ = {isa = PBXFileReference; explicitFileType = wrapper.application; includeInIndex = 0; path = MVC.app; sourceTree = BUILT_PRODUCTS_DIR; };
		DA37B91C2A18F9E700BE9FED /* AppDelegate.swift */ = {isa = PBXFileReference; lastKnownFileType = sourcecode.swift; path = AppDelegate.swift; sourceTree = "<group>"; };
		DA37B91E2A18F9E700BE9FED /* SceneDelegate.swift */ = {isa = PBXFileReference; lastKnownFileType = sourcecode.swift; path = SceneDelegate.swift; sourceTree = "<group>"; };
		DA37B9202A18F9E700BE9FED /* ViewController.swift */ = {isa = PBXFileReference; lastKnownFileType = sourcecode.swift; path = ViewController.swift; sourceTree = "<group>"; };
		DA37B9232A18F9E700BE9FED /* Base */ = {isa = PBXFileReference; lastKnownFileType = file.storyboard; name = Base; path = Base.lproj/Main.storyboard; sourceTree = "<group>"; };
		DA37B9252A18F9E800BE9FED /* Assets.xcassets */ = {isa = PBXFileReference; lastKnownFileType = folder.assetcatalog; path = Assets.xcassets; sourceTree = "<group>"; };
		DA37B9282A18F9E800BE9FED /* Base */ = {isa = PBXFileReference; lastKnownFileType = file.storyboard; name = Base; path = Base.lproj/LaunchScreen.storyboard; sourceTree = "<group>"; };
		DA37B92A2A18F9E800BE9FED /* Info.plist */ = {isa = PBXFileReference; lastKnownFileType = text.plist.xml; path = Info.plist; sourceTree = "<group>"; };
		DA8021432A20A50900EE7B5E /* MyColor.swift */ = {isa = PBXFileReference; lastKnownFileType = sourcecode.swift; path = MyColor.swift; sourceTree = "<group>"; };
		DA8021452A20A52B00EE7B5E /* CoreDataManager.swift */ = {isa = PBXFileReference; lastKnownFileType = sourcecode.swift; path = CoreDataManager.swift; sourceTree = "<group>"; };
		DA8021472A20A5ED00EE7B5E /* ToDoData+CoreDataClass.swift */ = {isa = PBXFileReference; lastKnownFileType = sourcecode.swift; path = "ToDoData+CoreDataClass.swift"; sourceTree = "<group>"; };
		DA8021482A20A5ED00EE7B5E /* ToDoData+CoreDataProperties.swift */ = {isa = PBXFileReference; lastKnownFileType = sourcecode.swift; path = "ToDoData+CoreDataProperties.swift"; sourceTree = "<group>"; };
		DA80214B2A20A67400EE7B5E /* EditViewController.swift */ = {isa = PBXFileReference; lastKnownFileType = sourcecode.swift; path = EditViewController.swift; sourceTree = "<group>"; };
		DAF8FC6C2A2082EE0018D167 /* TodoApp.xcdatamodel */ = {isa = PBXFileReference; lastKnownFileType = wrapper.xcdatamodel; path = TodoApp.xcdatamodel; sourceTree = "<group>"; };
		DAF8FC7B2A2091550018D167 /* TodoCell.swift */ = {isa = PBXFileReference; lastKnownFileType = sourcecode.swift; path = TodoCell.swift; sourceTree = "<group>"; };
/* End PBXFileReference section */

/* Begin PBXFrameworksBuildPhase section */
		DA37B9162A18F9E700BE9FED /* Frameworks */ = {
			isa = PBXFrameworksBuildPhase;
			buildActionMask = 2147483647;
			files = (
			);
			runOnlyForDeploymentPostprocessing = 0;
		};
/* End PBXFrameworksBuildPhase section */

/* Begin PBXGroup section */
		DA37B9102A18F9E700BE9FED = {
			isa = PBXGroup;
			children = (
				DA37B91B2A18F9E700BE9FED /* MVC */,
				DA37B91A2A18F9E700BE9FED /* Products */,
			);
			sourceTree = "<group>";
		};
		DA37B91A2A18F9E700BE9FED /* Products */ = {
			isa = PBXGroup;
			children = (
				DA37B9192A18F9E700BE9FED /* MVC.app */,
			);
			name = Products;
			sourceTree = "<group>";
		};
		DA37B91B2A18F9E700BE9FED /* MVC */ = {
			isa = PBXGroup;
			children = (
				DA37B91C2A18F9E700BE9FED /* AppDelegate.swift */,
				DA37B91E2A18F9E700BE9FED /* SceneDelegate.swift */,
				DAF8FC6E2A2084520018D167 /* Model */,
				DAF8FC6F2A2084570018D167 /* View */,
				DAF8FC702A20845B0018D167 /* Controller */,
				DA8021422A20A28800EE7B5E /* Util */,
				DAF8FC6B2A2082EE0018D167 /* TodoApp.xcdatamodeld */,
				DA37B9252A18F9E800BE9FED /* Assets.xcassets */,
				DA37B9222A18F9E700BE9FED /* Main.storyboard */,
				DA37B9272A18F9E800BE9FED /* LaunchScreen.storyboard */,
				DA37B92A2A18F9E800BE9FED /* Info.plist */,
			);
			path = MVC;
			sourceTree = "<group>";
		};
		DA8021422A20A28800EE7B5E /* Util */ = {
			isa = PBXGroup;
			children = (
				DA8021432A20A50900EE7B5E /* MyColor.swift */,
			);
			path = Util;
			sourceTree = "<group>";
		};
		DAF8FC6E2A2084520018D167 /* Model */ = {
			isa = PBXGroup;
			children = (
				DA8021472A20A5ED00EE7B5E /* ToDoData+CoreDataClass.swift */,
				DA8021482A20A5ED00EE7B5E /* ToDoData+CoreDataProperties.swift */,
				DA8021452A20A52B00EE7B5E /* CoreDataManager.swift */,
			);
			path = Model;
			sourceTree = "<group>";
		};
		DAF8FC6F2A2084570018D167 /* View */ = {
			isa = PBXGroup;
			children = (
				DAF8FC7B2A2091550018D167 /* TodoCell.swift */,
			);
			path = View;
			sourceTree = "<group>";
		};
		DAF8FC702A20845B0018D167 /* Controller */ = {
			isa = PBXGroup;
			children = (
				DA37B9202A18F9E700BE9FED /* ViewController.swift */,
				DA80214B2A20A67400EE7B5E /* EditViewController.swift */,
			);
			path = Controller;
			sourceTree = "<group>";
		};
/* End PBXGroup section */

/* Begin PBXNativeTarget section */
		DA37B9182A18F9E700BE9FED /* MVC */ = {
			isa = PBXNativeTarget;
			buildConfigurationList = DA37B92D2A18F9E800BE9FED /* Build configuration list for PBXNativeTarget "MVC" */;
			buildPhases = (
				DA37B9152A18F9E700BE9FED /* Sources */,
				DA37B9162A18F9E700BE9FED /* Frameworks */,
				DA37B9172A18F9E700BE9FED /* Resources */,
			);
			buildRules = (
			);
			dependencies = (
			);
			name = MVC;
			productName = MVC;
			productReference = DA37B9192A18F9E700BE9FED /* MVC.app */;
			productType = "com.apple.product-type.application";
		};
/* End PBXNativeTarget section */

/* Begin PBXProject section */
		DA37B9112A18F9E700BE9FED /* Project object */ = {
			isa = PBXProject;
			attributes = {
				BuildIndependentTargetsInParallel = 1;
				LastSwiftUpdateCheck = 1420;
				LastUpgradeCheck = 1420;
				TargetAttributes = {
					DA37B9182A18F9E700BE9FED = {
						CreatedOnToolsVersion = 14.2;
					};
				};
			};
			buildConfigurationList = DA37B9142A18F9E700BE9FED /* Build configuration list for PBXProject "MVC" */;
			compatibilityVersion = "Xcode 14.0";
			developmentRegion = en;
			hasScannedForEncodings = 0;
			knownRegions = (
				en,
				Base,
			);
			mainGroup = DA37B9102A18F9E700BE9FED;
			productRefGroup = DA37B91A2A18F9E700BE9FED /* Products */;
			projectDirPath = "";
			projectRoot = "";
			targets = (
				DA37B9182A18F9E700BE9FED /* MVC */,
			);
		};
/* End PBXProject section */

/* Begin PBXResourcesBuildPhase section */
		DA37B9172A18F9E700BE9FED /* Resources */ = {
			isa = PBXResourcesBuildPhase;
			buildActionMask = 2147483647;
			files = (
				DA37B9292A18F9E800BE9FED /* LaunchScreen.storyboard in Resources */,
				DA37B9262A18F9E800BE9FED /* Assets.xcassets in Resources */,
				DA37B9242A18F9E700BE9FED /* Main.storyboard in Resources */,
			);
			runOnlyForDeploymentPostprocessing = 0;
		};
/* End PBXResourcesBuildPhase section */

/* Begin PBXSourcesBuildPhase section */
		DA37B9152A18F9E700BE9FED /* Sources */ = {
			isa = PBXSourcesBuildPhase;
			buildActionMask = 2147483647;
			files = (
				DA80214C2A20A67400EE7B5E /* EditViewController.swift in Sources */,
				DA37B9212A18F9E700BE9FED /* ViewController.swift in Sources */,
				DA37B91D2A18F9E700BE9FED /* AppDelegate.swift in Sources */,
				DA37B91F2A18F9E700BE9FED /* SceneDelegate.swift in Sources */,
				DA80214A2A20A5ED00EE7B5E /* ToDoData+CoreDataProperties.swift in Sources */,
				DA8021492A20A5ED00EE7B5E /* ToDoData+CoreDataClass.swift in Sources */,
				DA8021442A20A50900EE7B5E /* MyColor.swift in Sources */,
				DA8021462A20A52B00EE7B5E /* CoreDataManager.swift in Sources */,
				DAF8FC6D2A2082EE0018D167 /* TodoApp.xcdatamodeld in Sources */,
				DAF8FC7C2A2091550018D167 /* TodoCell.swift in Sources */,
			);
			runOnlyForDeploymentPostprocessing = 0;
		};
/* End PBXSourcesBuildPhase section */

/* Begin PBXVariantGroup section */
		DA37B9222A18F9E700BE9FED /* Main.storyboard */ = {
			isa = PBXVariantGroup;
			children = (
				DA37B9232A18F9E700BE9FED /* Base */,
			);
			name = Main.storyboard;
			sourceTree = "<group>";
		};
		DA37B9272A18F9E800BE9FED /* LaunchScreen.storyboard */ = {
			isa = PBXVariantGroup;
			children = (
				DA37B9282A18F9E800BE9FED /* Base */,
			);
			name = LaunchScreen.storyboard;
			sourceTree = "<group>";
		};
/* End PBXVariantGroup section */

/* Begin XCBuildConfiguration section */
		DA37B92B2A18F9E800BE9FED /* Debug */ = {
			isa = XCBuildConfiguration;
			buildSettings = {
				ALWAYS_SEARCH_USER_PATHS = NO;
				CLANG_ANALYZER_NONNULL = YES;
				CLANG_ANALYZER_NUMBER_OBJECT_CONVERSION = YES_AGGRESSIVE;
				CLANG_CXX_LANGUAGE_STANDARD = "gnu++20";
				CLANG_ENABLE_MODULES = YES;
				CLANG_ENABLE_OBJC_ARC = YES;
				CLANG_ENABLE_OBJC_WEAK = YES;
				CLANG_WARN_BLOCK_CAPTURE_AUTORELEASING = YES;
				CLANG_WARN_BOOL_CONVERSION = YES;
				CLANG_WARN_COMMA = YES;
				CLANG_WARN_CONSTANT_CONVERSION = YES;
				CLANG_WARN_DEPRECATED_OBJC_IMPLEMENTATIONS = YES;
				CLANG_WARN_DIRECT_OBJC_ISA_USAGE = YES_ERROR;
				CLANG_WARN_DOCUMENTATION_COMMENTS = YES;
				CLANG_WARN_EMPTY_BODY = YES;
				CLANG_WARN_ENUM_CONVERSION = YES;
				CLANG_WARN_INFINITE_RECURSION = YES;
				CLANG_WARN_INT_CONVERSION = YES;
				CLANG_WARN_NON_LITERAL_NULL_CONVERSION = YES;
				CLANG_WARN_OBJC_IMPLICIT_RETAIN_SELF = YES;
				CLANG_WARN_OBJC_LITERAL_CONVERSION = YES;
				CLANG_WARN_OBJC_ROOT_CLASS = YES_ERROR;
				CLANG_WARN_QUOTED_INCLUDE_IN_FRAMEWORK_HEADER = YES;
				CLANG_WARN_RANGE_LOOP_ANALYSIS = YES;
				CLANG_WARN_STRICT_PROTOTYPES = YES;
				CLANG_WARN_SUSPICIOUS_MOVE = YES;
				CLANG_WARN_UNGUARDED_AVAILABILITY = YES_AGGRESSIVE;
				CLANG_WARN_UNREACHABLE_CODE = YES;
				CLANG_WARN__DUPLICATE_METHOD_MATCH = YES;
				COPY_PHASE_STRIP = NO;
				DEBUG_INFORMATION_FORMAT = dwarf;
				ENABLE_STRICT_OBJC_MSGSEND = YES;
				ENABLE_TESTABILITY = YES;
				GCC_C_LANGUAGE_STANDARD = gnu11;
				GCC_DYNAMIC_NO_PIC = NO;
				GCC_NO_COMMON_BLOCKS = YES;
				GCC_OPTIMIZATION_LEVEL = 0;
				GCC_PREPROCESSOR_DEFINITIONS = (
					"DEBUG=1",
					"$(inherited)",
				);
				GCC_WARN_64_TO_32_BIT_CONVERSION = YES;
				GCC_WARN_ABOUT_RETURN_TYPE = YES_ERROR;
				GCC_WARN_UNDECLARED_SELECTOR = YES;
				GCC_WARN_UNINITIALIZED_AUTOS = YES_AGGRESSIVE;
				GCC_WARN_UNUSED_FUNCTION = YES;
				GCC_WARN_UNUSED_VARIABLE = YES;
				IPHONEOS_DEPLOYMENT_TARGET = 16.2;
				MTL_ENABLE_DEBUG_INFO = INCLUDE_SOURCE;
				MTL_FAST_MATH = YES;
				ONLY_ACTIVE_ARCH = YES;
				SDKROOT = iphoneos;
				SWIFT_ACTIVE_COMPILATION_CONDITIONS = DEBUG;
				SWIFT_OPTIMIZATION_LEVEL = "-Onone";
			};
			name = Debug;
		};
		DA37B92C2A18F9E800BE9FED /* Release */ = {
			isa = XCBuildConfiguration;
			buildSettings = {
				ALWAYS_SEARCH_USER_PATHS = NO;
				CLANG_ANALYZER_NONNULL = YES;
				CLANG_ANALYZER_NUMBER_OBJECT_CONVERSION = YES_AGGRESSIVE;
				CLANG_CXX_LANGUAGE_STANDARD = "gnu++20";
				CLANG_ENABLE_MODULES = YES;
				CLANG_ENABLE_OBJC_ARC = YES;
				CLANG_ENABLE_OBJC_WEAK = YES;
				CLANG_WARN_BLOCK_CAPTURE_AUTORELEASING = YES;
				CLANG_WARN_BOOL_CONVERSION = YES;
				CLANG_WARN_COMMA = YES;
				CLANG_WARN_CONSTANT_CONVERSION = YES;
				CLANG_WARN_DEPRECATED_OBJC_IMPLEMENTATIONS = YES;
				CLANG_WARN_DIRECT_OBJC_ISA_USAGE = YES_ERROR;
				CLANG_WARN_DOCUMENTATION_COMMENTS = YES;
				CLANG_WARN_EMPTY_BODY = YES;
				CLANG_WARN_ENUM_CONVERSION = YES;
				CLANG_WARN_INFINITE_RECURSION = YES;
				CLANG_WARN_INT_CONVERSION = YES;
				CLANG_WARN_NON_LITERAL_NULL_CONVERSION = YES;
				CLANG_WARN_OBJC_IMPLICIT_RETAIN_SELF = YES;
				CLANG_WARN_OBJC_LITERAL_CONVERSION = YES;
				CLANG_WARN_OBJC_ROOT_CLASS = YES_ERROR;
				CLANG_WARN_QUOTED_INCLUDE_IN_FRAMEWORK_HEADER = YES;
				CLANG_WARN_RANGE_LOOP_ANALYSIS = YES;
				CLANG_WARN_STRICT_PROTOTYPES = YES;
				CLANG_WARN_SUSPICIOUS_MOVE = YES;
				CLANG_WARN_UNGUARDED_AVAILABILITY = YES_AGGRESSIVE;
				CLANG_WARN_UNREACHABLE_CODE = YES;
				CLANG_WARN__DUPLICATE_METHOD_MATCH = YES;
				COPY_PHASE_STRIP = NO;
				DEBUG_INFORMATION_FORMAT = "dwarf-with-dsym";
				ENABLE_NS_ASSERTIONS = NO;
				ENABLE_STRICT_OBJC_MSGSEND = YES;
				GCC_C_LANGUAGE_STANDARD = gnu11;
				GCC_NO_COMMON_BLOCKS = YES;
				GCC_WARN_64_TO_32_BIT_CONVERSION = YES;
				GCC_WARN_ABOUT_RETURN_TYPE = YES_ERROR;
				GCC_WARN_UNDECLARED_SELECTOR = YES;
				GCC_WARN_UNINITIALIZED_AUTOS = YES_AGGRESSIVE;
				GCC_WARN_UNUSED_FUNCTION = YES;
				GCC_WARN_UNUSED_VARIABLE = YES;
				IPHONEOS_DEPLOYMENT_TARGET = 16.2;
				MTL_ENABLE_DEBUG_INFO = NO;
				MTL_FAST_MATH = YES;
				SDKROOT = iphoneos;
				SWIFT_COMPILATION_MODE = wholemodule;
				SWIFT_OPTIMIZATION_LEVEL = "-O";
				VALIDATE_PRODUCT = YES;
			};
			name = Release;
		};
		DA37B92E2A18F9E800BE9FED /* Debug */ = {
			isa = XCBuildConfiguration;
			buildSettings = {
				ASSETCATALOG_COMPILER_APPICON_NAME = AppIcon;
				ASSETCATALOG_COMPILER_GLOBAL_ACCENT_COLOR_NAME = AccentColor;
				CODE_SIGN_STYLE = Automatic;
				CURRENT_PROJECT_VERSION = 1;
				DEVELOPMENT_TEAM = T9N7L92856;
				GENERATE_INFOPLIST_FILE = YES;
				INFOPLIST_FILE = MVC/Info.plist;
				INFOPLIST_KEY_UIApplicationSupportsIndirectInputEvents = YES;
				INFOPLIST_KEY_UILaunchStoryboardName = LaunchScreen;
				INFOPLIST_KEY_UIMainStoryboardFile = Main;
				INFOPLIST_KEY_UISupportedInterfaceOrientations = UIInterfaceOrientationPortrait;
				INFOPLIST_KEY_UISupportedInterfaceOrientations_iPad = "UIInterfaceOrientationLandscapeLeft UIInterfaceOrientationLandscapeRight UIInterfaceOrientationPortrait";
				IPHONEOS_DEPLOYMENT_TARGET = 15.0;
				LD_RUNPATH_SEARCH_PATHS = (
					"$(inherited)",
					"@executable_path/Frameworks",
				);
				MARKETING_VERSION = 1.0;
				PRODUCT_BUNDLE_IDENTIFIER = com.yuri.MVC;
				PRODUCT_NAME = "$(TARGET_NAME)";
				SUPPORTED_PLATFORMS = "iphoneos iphonesimulator";
				SUPPORTS_MACCATALYST = NO;
				SUPPORTS_MAC_DESIGNED_FOR_IPHONE_IPAD = YES;
				SWIFT_EMIT_LOC_STRINGS = YES;
				SWIFT_VERSION = 5.0;
				TARGETED_DEVICE_FAMILY = 1;
			};
			name = Debug;
		};
		DA37B92F2A18F9E800BE9FED /* Release */ = {
			isa = XCBuildConfiguration;
			buildSettings = {
				ASSETCATALOG_COMPILER_APPICON_NAME = AppIcon;
				ASSETCATALOG_COMPILER_GLOBAL_ACCENT_COLOR_NAME = AccentColor;
				CODE_SIGN_STYLE = Automatic;
				CURRENT_PROJECT_VERSION = 1;
				DEVELOPMENT_TEAM = T9N7L92856;
				GENERATE_INFOPLIST_FILE = YES;
				INFOPLIST_FILE = MVC/Info.plist;
				INFOPLIST_KEY_UIApplicationSupportsIndirectInputEvents = YES;
				INFOPLIST_KEY_UILaunchStoryboardName = LaunchScreen;
				INFOPLIST_KEY_UIMainStoryboardFile = Main;
				INFOPLIST_KEY_UISupportedInterfaceOrientations = UIInterfaceOrientationPortrait;
				INFOPLIST_KEY_UISupportedInterfaceOrientations_iPad = "UIInterfaceOrientationLandscapeLeft UIInterfaceOrientationLandscapeRight UIInterfaceOrientationPortrait";
				IPHONEOS_DEPLOYMENT_TARGET = 15.0;
				LD_RUNPATH_SEARCH_PATHS = (
					"$(inherited)",
					"@executable_path/Frameworks",
				);
				MARKETING_VERSION = 1.0;
				PRODUCT_BUNDLE_IDENTIFIER = com.yuri.MVC;
				PRODUCT_NAME = "$(TARGET_NAME)";
				SUPPORTED_PLATFORMS = "iphoneos iphonesimulator";
				SUPPORTS_MACCATALYST = NO;
				SUPPORTS_MAC_DESIGNED_FOR_IPHONE_IPAD = YES;
				SWIFT_EMIT_LOC_STRINGS = YES;
				SWIFT_VERSION = 5.0;
				TARGETED_DEVICE_FAMILY = 1;
			};
			name = Release;
		};
/* End XCBuildConfiguration section */

/* Begin XCConfigurationList section */
		DA37B9142A18F9E700BE9FED /* Build configuration list for PBXProject "MVC" */ = {
			isa = XCConfigurationList;
			buildConfigurations = (
				DA37B92B2A18F9E800BE9FED /* Debug */,
				DA37B92C2A18F9E800BE9FED /* Release */,
			);
			defaultConfigurationIsVisible = 0;
			defaultConfigurationName = Release;
		};
		DA37B92D2A18F9E800BE9FED /* Build configuration list for PBXNativeTarget "MVC" */ = {
			isa = XCConfigurationList;
			buildConfigurations = (
				DA37B92E2A18F9E800BE9FED /* Debug */,
				DA37B92F2A18F9E800BE9FED /* Release */,
			);
			defaultConfigurationIsVisible = 0;
			defaultConfigurationName = Release;
		};
/* End XCConfigurationList section */

/* Begin XCVersionGroup section */
		DAF8FC6B2A2082EE0018D167 /* TodoApp.xcdatamodeld */ = {
			isa = XCVersionGroup;
			children = (
				DAF8FC6C2A2082EE0018D167 /* TodoApp.xcdatamodel */,
			);
			currentVersion = DAF8FC6C2A2082EE0018D167 /* TodoApp.xcdatamodel */;
			path = TodoApp.xcdatamodeld;
			sourceTree = "<group>";
			versionGroupType = wrapper.xcdatamodel;
		};
/* End XCVersionGroup section */
	};
	rootObject = DA37B9112A18F9E700BE9FED /* Project object */;
}
